
Microsoft Visual Studio Solution File, Format Version 12.00
# Visual Studio Version 16
VisualStudioVersion = 16.0.31105.61
MinimumVisualStudioVersion = 10.0.40219.1
Project("{9A19103F-16F7-4668-BE54-9A1E7A4F7556}") = "Kalantyr.Rss", "Kalantyr.Rss\Kalantyr.Rss.csproj", "{77A3D076-1A85-4E67-AAB6-D7D1E7306697}"
EndProject
Project("{9A19103F-16F7-4668-BE54-9A1E7A4F7556}") = "Kalantyr.Rss.Model", "Kalantyr.Rss.Model\Kalantyr.Rss.Model.csproj", "{B611D01F-7962-4312-8C13-AE79A02B842A}"
EndProject
Global
	GlobalSection(SolutionConfigurationPlatforms) = preSolution
		Debug|Any CPU = Debug|Any CPU
		Release|Any CPU = Release|Any CPU
	EndGlobalSection
	GlobalSection(ProjectConfigurationPlatforms) = postSolution
		{77A3D076-1A85-4E67-AAB6-D7D1E7306697}.Debug|Any CPU.ActiveCfg = Debug|Any CPU
		{77A3D076-1A85-4E67-AAB6-D7D1E7306697}.Debug|Any CPU.Build.0 = Debug|Any CPU
		{77A3D076-1A85-4E67-AAB6-D7D1E7306697}.Release|Any CPU.ActiveCfg = Release|Any CPU
		{77A3D076-1A85-4E67-AAB6-D7D1E7306697}.Release|Any CPU.Build.0 = Release|Any CPU
		{B611D01F-7962-4312-8C13-AE79A02B842A}.Debug|Any CPU.ActiveCfg = Debug|Any CPU
		{B611D01F-7962-4312-8C13-AE79A02B842A}.Debug|Any CPU.Build.0 = Debug|Any CPU
		{B611D01F-7962-4312-8C13-AE79A02B842A}.Release|Any CPU.ActiveCfg = Release|Any CPU
		{B611D01F-7962-4312-8C13-AE79A02B842A}.Release|Any CPU.Build.0 = Release|Any CPU
	EndGlobalSection
	GlobalSection(SolutionProperties) = preSolution
		HideSolutionNode = FALSE
	EndGlobalSection
	GlobalSection(ExtensibilityGlobals) = postSolution
		SolutionGuid = {6A092D03-1B5C-4C6C-9A10-AA0040A931D6}
	EndGlobalSection
EndGlobal
